
Microsoft Visual Studio Solution File, Format Version 12.00
# Visual Studio 14
VisualStudioVersion = 14.0.23107.0
MinimumVisualStudioVersion = 10.0.40219.1
Project("{FAE04EC0-301F-11D3-BF4B-00C04F79EFBC}") = "LexicalAnalyzerDemo", "LexicalAnalyzerDemo\LexicalAnalyzerDemo.csproj", "{B8EE84DD-1966-4446-85A6-12E6FDCEAFF5}"
EndProject
Project("{FAE04EC0-301F-11D3-BF4B-00C04F79EFBC}") = "Interfaces", "Interfaces\Interfaces.csproj", "{C587E0CC-D4B5-4D55-A0D7-5BA8A6BAEFE8}"
EndProject
Project("{FAE04EC0-301F-11D3-BF4B-00C04F79EFBC}") = "Common", "Common\Common.csproj", "{C4BD564A-59CB-4CD3-B224-91440219807F}"
EndProject
Project("{FAE04EC0-301F-11D3-BF4B-00C04F79EFBC}") = "RegexLexicalAnalyzer", "RegexLexicalAnalyzer\RegexLexicalAnalyzer.csproj", "{E605ABE2-D7B1-4DB4-A196-AC43E489C6CE}"
EndProject
Global
	GlobalSection(SolutionConfigurationPlatforms) = preSolution
		Debug|Any CPU = Debug|Any CPU
		Release|Any CPU = Release|Any CPU
	EndGlobalSection
	GlobalSection(ProjectConfigurationPlatforms) = postSolution
		{B8EE84DD-1966-4446-85A6-12E6FDCEAFF5}.Debug|Any CPU.ActiveCfg = Debug|Any CPU
		{B8EE84DD-1966-4446-85A6-12E6FDCEAFF5}.Debug|Any CPU.Build.0 = Debug|Any CPU
		{B8EE84DD-1966-4446-85A6-12E6FDCEAFF5}.Release|Any CPU.ActiveCfg = Release|Any CPU
		{B8EE84DD-1966-4446-85A6-12E6FDCEAFF5}.Release|Any CPU.Build.0 = Release|Any CPU
		{C587E0CC-D4B5-4D55-A0D7-5BA8A6BAEFE8}.Debug|Any CPU.ActiveCfg = Debug|Any CPU
		{C587E0CC-D4B5-4D55-A0D7-5BA8A6BAEFE8}.Debug|Any CPU.Build.0 = Debug|Any CPU
		{C587E0CC-D4B5-4D55-A0D7-5BA8A6BAEFE8}.Release|Any CPU.ActiveCfg = Release|Any CPU
		{C587E0CC-D4B5-4D55-A0D7-5BA8A6BAEFE8}.Release|Any CPU.Build.0 = Release|Any CPU
		{C4BD564A-59CB-4CD3-B224-91440219807F}.Debug|Any CPU.ActiveCfg = Debug|Any CPU
		{C4BD564A-59CB-4CD3-B224-91440219807F}.Debug|Any CPU.Build.0 = Debug|Any CPU
		{C4BD564A-59CB-4CD3-B224-91440219807F}.Release|Any CPU.ActiveCfg = Release|Any CPU
		{C4BD564A-59CB-4CD3-B224-91440219807F}.Release|Any CPU.Build.0 = Release|Any CPU
		{E605ABE2-D7B1-4DB4-A196-AC43E489C6CE}.Debug|Any CPU.ActiveCfg = Debug|Any CPU
		{E605ABE2-D7B1-4DB4-A196-AC43E489C6CE}.Debug|Any CPU.Build.0 = Debug|Any CPU
		{E605ABE2-D7B1-4DB4-A196-AC43E489C6CE}.Release|Any CPU.ActiveCfg = Release|Any CPU
		{E605ABE2-D7B1-4DB4-A196-AC43E489C6CE}.Release|Any CPU.Build.0 = Release|Any CPU
	EndGlobalSection
	GlobalSection(SolutionProperties) = preSolution
		HideSolutionNode = FALSE
	EndGlobalSection
EndGlobal
